
Microsoft Visual Studio Solution File, Format Version 11.00
# Visual Basic Express 2010
Project("{F184B08F-C81C-45F6-A57F-5ABD9991F28F}") = "String Manipulation Task 1", "String Manipulation Task 1\String Manipulation Task 1.vbproj", "{7202741E-2A88-4E46-AAA8-D7D30153E57A}"
EndProject
Global
	GlobalSection(SolutionConfigurationPlatforms) = preSolution
		Debug|x86 = Debug|x86
		Release|x86 = Release|x86
	EndGlobalSection
	GlobalSection(ProjectConfigurationPlatforms) = postSolution
		{7202741E-2A88-4E46-AAA8-D7D30153E57A}.Debug|x86.ActiveCfg = Debug|x86
		{7202741E-2A88-4E46-AAA8-D7D30153E57A}.Debug|x86.Build.0 = Debug|x86
		{7202741E-2A88-4E46-AAA8-D7D30153E57A}.Release|x86.ActiveCfg = Release|x86
		{7202741E-2A88-4E46-AAA8-D7D30153E57A}.Release|x86.Build.0 = Release|x86
	EndGlobalSection
	GlobalSection(SolutionProperties) = preSolution
		HideSolutionNode = FALSE
	EndGlobalSection
EndGlobal
